github.com/coregx/ahocorasick v0.1.0 h1:CiCQwQ/Gu6pahlO3u4jrPo8q0Tb8pLknU7tzqiLRZcw=
github.com/coregx/ahocorasick v0.1.0/go.mod h1:SDcS9KTiwLP8FHNpYSO3Q3mRqrK8SYJAYpygrhcIils=
github.com/coregx/coregex v0.12.1 h1:XEPdr4DSWXCHucaYwhFMkayZIKOOe8zJvvrUM58VMJA=
github.com/coregx/coregex v0.12.1/go.mod h1:K+BrFVuOaFseP4gc4/d/GveYFe4JB95FHW3kNNJaTXg=
github.com/coregx/coregex v0.12.2 h1:ysvV3MaozwWBWNLdPjhfzgNVjZ1A7ehBHAybw00EJ/w=
github.com/coregx/coregex v0.12.2/go.mod h1:K+BrFVuOaFseP4gc4/d/GveYFe4JB95FHW3kNNJaTXg=
github.com/coregx/coregex v0.12.3 h1:uPAGIrKfktCBswAmFIQjKuVu/h1nOdwaYBK+tEXk+yw=
github.com/coregx/coregex v0.12.3/go.mod h1:K+BrFVuOaFseP4gc4/d/GveYFe4JB95FHW3kNNJaTXg=
golang.org/x/sys v0.40.0 h1:DBZZqJ2Rkml6QMQsZywtnjnnGvHza6BTfYFWY9kjEWQ=
golang.org/x/sys v0.40.0/go.mod h1:OgkHotnGiDImocRcuBABYBEXf8A9a87e/uXjp9XT3ks=
