github.com/coregx/ahocorasick v0.1.0 h1:CiCQwQ/Gu6pahlO3u4jrPo8q0Tb8pLknU7tzqiLRZcw=
github.com/coregx/ahocorasick v0.1.0/go.mod h1:SDcS9KTiwLP8FHNpYSO3Q3mRqrK8SYJAYpygrhcIils=
github.com/coregx/ahocorasick v0.2.1 h1:JsZ5Rb32/SzGiGBl3vIwA8DAnY0+E6BLBhj+4HZsAbo=
github.com/coregx/ahocorasick v0.2.1/go.mod h1:SDcS9KTiwLP8FHNpYSO3Q3mRqrK8SYJAYpygrhcIils=
github.com/coregx/coregex v0.12.6 h1:soR79yRsSnAu+521fuCSQQ7B04WJ2qZcR/8swb0egjQ=
github.com/coregx/coregex v0.12.6/go.mod h1:K+BrFVuOaFseP4gc4/d/GveYFe4JB95FHW3kNNJaTXg=
github.com/coregx/coregex v0.12.7 h1:JbQsDazcWXAGIsgK8sfd64bbSMnev94kVpZlwoFN0oQ=
github.com/coregx/coregex v0.12.7/go.mod h1:K+BrFVuOaFseP4gc4/d/GveYFe4JB95FHW3kNNJaTXg=
github.com/coregx/coregex v0.12.8 h1:RHpgDjGPqF/iOL78iEQo0vEzzCWaLz3uEySXOvxgAQg=
github.com/coregx/coregex v0.12.8/go.mod h1:K+BrFVuOaFseP4gc4/d/GveYFe4JB95FHW3kNNJaTXg=
github.com/coregx/coregex v0.12.9 h1:AJ6sS6ZVQfhKe4CrTHZ7mH1HHAPWHtGOC1vvK34muTg=
github.com/coregx/coregex v0.12.9/go.mod h1:K+BrFVuOaFseP4gc4/d/GveYFe4JB95FHW3kNNJaTXg=
github.com/coregx/coregex v0.12.10 h1:ivQ3RA+0dwWvgzNPhhyqwslTEUZscKwoYVlwXWynTMs=
github.com/coregx/coregex v0.12.10/go.mod h1:K+BrFVuOaFseP4gc4/d/GveYFe4JB95FHW3kNNJaTXg=
github.com/coregx/coregex v0.12.11 h1:UwQwcp6AN95hqj0eRHi/EP3W5+c6IuPpbpSamfpzszY=
github.com/coregx/coregex v0.12.11/go.mod h1:K+BrFVuOaFseP4gc4/d/GveYFe4JB95FHW3kNNJaTXg=
github.com/coregx/coregex v0.12.13 h1:9Qswo73taach8ZK9T7smi/hAVguepFUPxqsSxjACEwg=
github.com/coregx/coregex v0.12.13/go.mod h1:dsQgGpWvPcDeywbz/BK/YYyRcGhlMoXoCdlOWNqCR6Q=
github.com/coregx/coregex v0.12.14 h1:lyE1UM54099jumsflj/a6U7QMj53cUl6VHz8AwT27dU=
github.com/coregx/coregex v0.12.14/go.mod h1:dsQgGpWvPcDeywbz/BK/YYyRcGhlMoXoCdlOWNqCR6Q=
github.com/coregx/coregex v0.12.15 h1:KnpFF3s64fbVxvBr6JtvwtJZFFky6iGSWtFuhduRXCE=
github.com/coregx/coregex v0.12.15/go.mod h1:dsQgGpWvPcDeywbz/BK/YYyRcGhlMoXoCdlOWNqCR6Q=
github.com/coregx/coregex v0.12.16 h1:pz2JBfo/1TGt18Wd84b3tPl+nK428l6a2fAmWgq6F/M=
github.com/coregx/coregex v0.12.16/go.mod h1:dsQgGpWvPcDeywbz/BK/YYyRcGhlMoXoCdlOWNqCR6Q=
github.com/coregx/coregex v0.12.17 h1:ROCmke0GIfwPN3RWj1HSet9YNbMBdWShYuKWecY/smk=
github.com/coregx/coregex v0.12.17/go.mod h1:dsQgGpWvPcDeywbz/BK/YYyRcGhlMoXoCdlOWNqCR6Q=
github.com/coregx/coregex v0.12.18 h1:KIyjoWcIdks63ED3aCOjmeahU4o6tfNzU9jlBXvkFKw=
github.com/coregx/coregex v0.12.18/go.mod h1:dsQgGpWvPcDeywbz/BK/YYyRcGhlMoXoCdlOWNqCR6Q=
github.com/coregx/coregex v0.12.19 h1:u9DN5qlNbOjL+fP8pVO58ZZgK2rSDfODaIY55jthWcw=
github.com/coregx/coregex v0.12.19/go.mod h1:dsQgGpWvPcDeywbz/BK/YYyRcGhlMoXoCdlOWNqCR6Q=
github.com/coregx/coregex v0.12.20 h1:XA/W0MNtJMqkbYx3hAZKZyAOnuZDNLpJ44NqDavrOgA=
github.com/coregx/coregex v0.12.20/go.mod h1:dsQgGpWvPcDeywbz/BK/YYyRcGhlMoXoCdlOWNqCR6Q=
golang.org/x/sys v0.40.0 h1:DBZZqJ2Rkml6QMQsZywtnjnnGvHza6BTfYFWY9kjEWQ=
golang.org/x/sys v0.40.0/go.mod h1:OgkHotnGiDImocRcuBABYBEXf8A9a87e/uXjp9XT3ks=
