# Generated by pub
# See https://dart.dev/tools/pub/glossary#lockfile
packages:
  csv:
    dependency: "direct main"
    description:
      name: csv
      sha256: e122a402b966b93a4e98925da241ecb3d58d2e62c0aa6486b0c8de4bd405dad5
      url: "https://pub.dev"
    source: hosted
    version: "7.2.0"
sdks:
  dart: ">=3.10.1 <4.0.0"
